
Microsoft Visual Studio Solution File, Format Version 11.00
# Visual Studio 2010
Project("{FAE04EC0-301F-11D3-BF4B-00C04F79EFBC}") = "StuckSpotMapper", "StuckSpotMapper\StuckSpotMapper.csproj", "{7C32A49F-449F-4F9C-AD16-4CA3C105A86B}"
EndProject
Global
	GlobalSection(SolutionConfigurationPlatforms) = preSolution
		Debug|x86 = Debug|x86
		Release|x86 = Release|x86
	EndGlobalSection
	GlobalSection(ProjectConfigurationPlatforms) = postSolution
		{7C32A49F-449F-4F9C-AD16-4CA3C105A86B}.Debug|x86.ActiveCfg = Debug|x86
		{7C32A49F-449F-4F9C-AD16-4CA3C105A86B}.Debug|x86.Build.0 = Debug|x86
		{7C32A49F-449F-4F9C-AD16-4CA3C105A86B}.Release|x86.ActiveCfg = Release|x86
		{7C32A49F-449F-4F9C-AD16-4CA3C105A86B}.Release|x86.Build.0 = Release|x86
	EndGlobalSection
	GlobalSection(MonoDevelopProperties) = preSolution
		StartupItem = StuckSpotMapper\StuckSpotMapper.csproj
	EndGlobalSection
EndGlobal
